
Microsoft Visual Studio Solution File, Format Version 12.00
# Visual Studio 14
VisualStudioVersion = 14.0.25420.1
MinimumVisualStudioVersion = 10.0.40219.1
Project("{FAE04EC0-301F-11D3-BF4B-00C04F79EFBC}") = "CSVProcessor", "CSVProcessor\CSVProcessor.csproj", "{18335926-7D03-4E66-9483-E624D5086DF1}"
EndProject
Project("{FAE04EC0-301F-11D3-BF4B-00C04F79EFBC}") = "CSVProcessor_Test", "CSVProcessor_Test\CSVProcessor_Test.csproj", "{AB6E5BD6-8B0B-4213-9193-6D80FD4E9751}"
EndProject
Global
	GlobalSection(SolutionConfigurationPlatforms) = preSolution
		Debug|Any CPU = Debug|Any CPU
		Release|Any CPU = Release|Any CPU
	EndGlobalSection
	GlobalSection(ProjectConfigurationPlatforms) = postSolution
		{18335926-7D03-4E66-9483-E624D5086DF1}.Debug|Any CPU.ActiveCfg = Debug|Any CPU
		{18335926-7D03-4E66-9483-E624D5086DF1}.Debug|Any CPU.Build.0 = Debug|Any CPU
		{18335926-7D03-4E66-9483-E624D5086DF1}.Release|Any CPU.ActiveCfg = Release|Any CPU
		{18335926-7D03-4E66-9483-E624D5086DF1}.Release|Any CPU.Build.0 = Release|Any CPU
		{AB6E5BD6-8B0B-4213-9193-6D80FD4E9751}.Debug|Any CPU.ActiveCfg = Debug|Any CPU
		{AB6E5BD6-8B0B-4213-9193-6D80FD4E9751}.Debug|Any CPU.Build.0 = Debug|Any CPU
		{AB6E5BD6-8B0B-4213-9193-6D80FD4E9751}.Release|Any CPU.ActiveCfg = Release|Any CPU
		{AB6E5BD6-8B0B-4213-9193-6D80FD4E9751}.Release|Any CPU.Build.0 = Release|Any CPU
	EndGlobalSection
	GlobalSection(SolutionProperties) = preSolution
		HideSolutionNode = FALSE
	EndGlobalSection
EndGlobal
